
Microsoft Visual Studio Solution File, Format Version 12.00
# Visual Studio Version 17
VisualStudioVersion = 17.7.34031.279
MinimumVisualStudioVersion = 10.0.40219.1
Project("{FAE04EC0-301F-11D3-BF4B-00C04F79EFBC}") = "Conexion de Adrian Garcia", "Conexion de Adrian Garcia.csproj", "{1E148E85-4E31-4086-B637-14E4DE53EDA9}"
EndProject
Global
	GlobalSection(SolutionConfigurationPlatforms) = preSolution
		Debug|Any CPU = Debug|Any CPU
		Release|Any CPU = Release|Any CPU
	EndGlobalSection
	GlobalSection(ProjectConfigurationPlatforms) = postSolution
		{1E148E85-4E31-4086-B637-14E4DE53EDA9}.Debug|Any CPU.ActiveCfg = Debug|Any CPU
		{1E148E85-4E31-4086-B637-14E4DE53EDA9}.Debug|Any CPU.Build.0 = Debug|Any CPU
		{1E148E85-4E31-4086-B637-14E4DE53EDA9}.Release|Any CPU.ActiveCfg = Release|Any CPU
		{1E148E85-4E31-4086-B637-14E4DE53EDA9}.Release|Any CPU.Build.0 = Release|Any CPU
	EndGlobalSection
	GlobalSection(SolutionProperties) = preSolution
		HideSolutionNode = FALSE
	EndGlobalSection
	GlobalSection(ExtensibilityGlobals) = postSolution
		SolutionGuid = {2F0A8C68-7B4E-4D47-961D-C3F72A92AB2A}
	EndGlobalSection
EndGlobal
