
Microsoft Visual Studio Solution File, Format Version 12.00
# Visual Studio Version 17
VisualStudioVersion = 17.7.34031.279
MinimumVisualStudioVersion = 10.0.40219.1
Project("{FAE04EC0-301F-11D3-BF4B-00C04F79EFBC}") = "Desplegables de Adrián García", "Desplegables de Adrián García.csproj", "{EADAE6B3-67A7-4277-A5C3-E1A82A6A4846}"
EndProject
Global
	GlobalSection(SolutionConfigurationPlatforms) = preSolution
		Debug|Any CPU = Debug|Any CPU
		Release|Any CPU = Release|Any CPU
	EndGlobalSection
	GlobalSection(ProjectConfigurationPlatforms) = postSolution
		{EADAE6B3-67A7-4277-A5C3-E1A82A6A4846}.Debug|Any CPU.ActiveCfg = Debug|Any CPU
		{EADAE6B3-67A7-4277-A5C3-E1A82A6A4846}.Debug|Any CPU.Build.0 = Debug|Any CPU
		{EADAE6B3-67A7-4277-A5C3-E1A82A6A4846}.Release|Any CPU.ActiveCfg = Release|Any CPU
		{EADAE6B3-67A7-4277-A5C3-E1A82A6A4846}.Release|Any CPU.Build.0 = Release|Any CPU
	EndGlobalSection
	GlobalSection(SolutionProperties) = preSolution
		HideSolutionNode = FALSE
	EndGlobalSection
	GlobalSection(ExtensibilityGlobals) = postSolution
		SolutionGuid = {1B84604D-BC40-4A01-A827-AB80EEB77753}
	EndGlobalSection
EndGlobal
